
Microsoft Visual Studio Solution File, Format Version 12.00
Project("{2150E333-8FDC-42A3-9474-1A3956D46DE8}") = "src", "src", "{D07CFDB1-5263-4EB2-9C8F-3EC0BD1D4F52}"
EndProject
Project("{2150E333-8FDC-42A3-9474-1A3956D46DE8}") = "tests", "tests", "{F1697D88-FB06-4C3E-B4F1-A7BD67D1C2D9}"
EndProject
Project("{FAE04EC0-301F-11D3-BF4B-00C04F79EFBC}") = "MyDDNS.Core", "src\MyDDNS.Core\MyDDNS.Core.csproj", "{30CD9FEC-CA2B-4079-A423-4A567CA28C8A}"
EndProject
Project("{FAE04EC0-301F-11D3-BF4B-00C04F79EFBC}") = "MyDDNS.Registrar.Cloudflare", "src\MyDDNS.Registrar.Cloudflare\MyDDNS.Registrar.Cloudflare.csproj", "{A1F32833-78F9-4FCA-B30F-166B2CB61ABE}"
EndProject
Project("{FAE04EC0-301F-11D3-BF4B-00C04F79EFBC}") = "MyDDNS.CLI", "src\MyDDNS.CLI\MyDDNS.CLI.csproj", "{9697991A-29B7-4D99-A62F-E2C93CF1568F}"
EndProject
Project("{FAE04EC0-301F-11D3-BF4B-00C04F79EFBC}") = "MyDDNS.Core.Tests", "tests\MyDDNS.Core.Tests\MyDDNS.Core.Tests.csproj", "{12AA56D5-BDBA-4B6F-A9D8-6E20F1CB5D37}"
EndProject
Project("{FAE04EC0-301F-11D3-BF4B-00C04F79EFBC}") = "MyDDNS.TestUtils", "tests\MyDDNS.TestUtils\MyDDNS.TestUtils.csproj", "{0D1E8B66-3170-4000-9ABA-48EF7D65D4EA}"
EndProject
Global
	GlobalSection(SolutionConfigurationPlatforms) = preSolution
		Debug|Any CPU = Debug|Any CPU
		Release|Any CPU = Release|Any CPU
	EndGlobalSection
	GlobalSection(NestedProjects) = preSolution
		{30CD9FEC-CA2B-4079-A423-4A567CA28C8A} = {D07CFDB1-5263-4EB2-9C8F-3EC0BD1D4F52}
		{A1F32833-78F9-4FCA-B30F-166B2CB61ABE} = {D07CFDB1-5263-4EB2-9C8F-3EC0BD1D4F52}
		{9697991A-29B7-4D99-A62F-E2C93CF1568F} = {D07CFDB1-5263-4EB2-9C8F-3EC0BD1D4F52}
		{12AA56D5-BDBA-4B6F-A9D8-6E20F1CB5D37} = {F1697D88-FB06-4C3E-B4F1-A7BD67D1C2D9}
		{0D1E8B66-3170-4000-9ABA-48EF7D65D4EA} = {F1697D88-FB06-4C3E-B4F1-A7BD67D1C2D9}
	EndGlobalSection
	GlobalSection(ProjectConfigurationPlatforms) = postSolution
		{30CD9FEC-CA2B-4079-A423-4A567CA28C8A}.Debug|Any CPU.ActiveCfg = Debug|Any CPU
		{30CD9FEC-CA2B-4079-A423-4A567CA28C8A}.Debug|Any CPU.Build.0 = Debug|Any CPU
		{30CD9FEC-CA2B-4079-A423-4A567CA28C8A}.Release|Any CPU.ActiveCfg = Release|Any CPU
		{30CD9FEC-CA2B-4079-A423-4A567CA28C8A}.Release|Any CPU.Build.0 = Release|Any CPU
		{A1F32833-78F9-4FCA-B30F-166B2CB61ABE}.Debug|Any CPU.ActiveCfg = Debug|Any CPU
		{A1F32833-78F9-4FCA-B30F-166B2CB61ABE}.Debug|Any CPU.Build.0 = Debug|Any CPU
		{A1F32833-78F9-4FCA-B30F-166B2CB61ABE}.Release|Any CPU.ActiveCfg = Release|Any CPU
		{A1F32833-78F9-4FCA-B30F-166B2CB61ABE}.Release|Any CPU.Build.0 = Release|Any CPU
		{9697991A-29B7-4D99-A62F-E2C93CF1568F}.Debug|Any CPU.ActiveCfg = Debug|Any CPU
		{9697991A-29B7-4D99-A62F-E2C93CF1568F}.Debug|Any CPU.Build.0 = Debug|Any CPU
		{9697991A-29B7-4D99-A62F-E2C93CF1568F}.Release|Any CPU.ActiveCfg = Release|Any CPU
		{9697991A-29B7-4D99-A62F-E2C93CF1568F}.Release|Any CPU.Build.0 = Release|Any CPU
		{12AA56D5-BDBA-4B6F-A9D8-6E20F1CB5D37}.Debug|Any CPU.ActiveCfg = Debug|Any CPU
		{12AA56D5-BDBA-4B6F-A9D8-6E20F1CB5D37}.Debug|Any CPU.Build.0 = Debug|Any CPU
		{12AA56D5-BDBA-4B6F-A9D8-6E20F1CB5D37}.Release|Any CPU.ActiveCfg = Release|Any CPU
		{12AA56D5-BDBA-4B6F-A9D8-6E20F1CB5D37}.Release|Any CPU.Build.0 = Release|Any CPU
		{0D1E8B66-3170-4000-9ABA-48EF7D65D4EA}.Debug|Any CPU.ActiveCfg = Debug|Any CPU
		{0D1E8B66-3170-4000-9ABA-48EF7D65D4EA}.Debug|Any CPU.Build.0 = Debug|Any CPU
		{0D1E8B66-3170-4000-9ABA-48EF7D65D4EA}.Release|Any CPU.ActiveCfg = Release|Any CPU
		{0D1E8B66-3170-4000-9ABA-48EF7D65D4EA}.Release|Any CPU.Build.0 = Release|Any CPU
	EndGlobalSection
EndGlobal
